
Microsoft Visual Studio Solution File, Format Version 12.00
# Visual Studio Version 16
VisualStudioVersion = 16.0.31025.194
MinimumVisualStudioVersion = 10.0.40219.1
Project("{8BC9CEB8-8B4A-11D0-8D11-00A0C91BC942}") = "ostring", "ostring\ostring.vcxproj", "{F30579FF-786D-42EB-911D-1AC65510D50A}"
EndProject
Project("{8BC9CEB8-8B4A-11D0-8D11-00A0C91BC942}") = "Test", "Test\Test.vcxproj", "{7ACC8338-6056-4A66-BB7A-6D0F8A09DBE0}"
EndProject
Global
	GlobalSection(SolutionConfigurationPlatforms) = preSolution
		Debug|x64 = Debug|x64
		Debug|x86 = Debug|x86
		Release|x64 = Release|x64
		Release|x86 = Release|x86
	EndGlobalSection
	GlobalSection(ProjectConfigurationPlatforms) = postSolution
		{F30579FF-786D-42EB-911D-1AC65510D50A}.Debug|x64.ActiveCfg = Debug|x64
		{F30579FF-786D-42EB-911D-1AC65510D50A}.Debug|x64.Build.0 = Debug|x64
		{F30579FF-786D-42EB-911D-1AC65510D50A}.Debug|x86.ActiveCfg = Debug|Win32
		{F30579FF-786D-42EB-911D-1AC65510D50A}.Debug|x86.Build.0 = Debug|Win32
		{F30579FF-786D-42EB-911D-1AC65510D50A}.Release|x64.ActiveCfg = Release|x64
		{F30579FF-786D-42EB-911D-1AC65510D50A}.Release|x64.Build.0 = Release|x64
		{F30579FF-786D-42EB-911D-1AC65510D50A}.Release|x86.ActiveCfg = Release|Win32
		{F30579FF-786D-42EB-911D-1AC65510D50A}.Release|x86.Build.0 = Release|Win32
		{7ACC8338-6056-4A66-BB7A-6D0F8A09DBE0}.Debug|x64.ActiveCfg = Debug|x64
		{7ACC8338-6056-4A66-BB7A-6D0F8A09DBE0}.Debug|x64.Build.0 = Debug|x64
		{7ACC8338-6056-4A66-BB7A-6D0F8A09DBE0}.Debug|x86.ActiveCfg = Debug|Win32
		{7ACC8338-6056-4A66-BB7A-6D0F8A09DBE0}.Debug|x86.Build.0 = Debug|Win32
		{7ACC8338-6056-4A66-BB7A-6D0F8A09DBE0}.Release|x64.ActiveCfg = Release|x64
		{7ACC8338-6056-4A66-BB7A-6D0F8A09DBE0}.Release|x64.Build.0 = Release|x64
		{7ACC8338-6056-4A66-BB7A-6D0F8A09DBE0}.Release|x86.ActiveCfg = Release|Win32
		{7ACC8338-6056-4A66-BB7A-6D0F8A09DBE0}.Release|x86.Build.0 = Release|Win32
	EndGlobalSection
	GlobalSection(SolutionProperties) = preSolution
		HideSolutionNode = FALSE
	EndGlobalSection
	GlobalSection(ExtensibilityGlobals) = postSolution
		SolutionGuid = {5220508B-7BD7-44EA-9D4B-F3F4A0DCDE45}
	EndGlobalSection
EndGlobal
